// !$*UTF8*$!
{
	archiveVersion = 1;
	classes = {
	};
	objectVersion = 50;
	objects = {

/* Begin PBXBuildFile section */
		71ED8C2F20DD48AA00CD305E /* AppDelegate.swift in Sources */ = {isa = PBXBuildFile; fileRef = 71ED8C2E20DD48AA00CD305E /* AppDelegate.swift */; };
		71ED8C3420DD48AA00CD305E /* Main.storyboard in Resources */ = {isa = PBXBuildFile; fileRef = 71ED8C3220DD48AA00CD305E /* Main.storyboard */; };
		71ED8C3720DD48AA00CD305E /* PairRandomizer.xcdatamodeld in Sources */ = {isa = PBXBuildFile; fileRef = 71ED8C3520DD48AA00CD305E /* PairRandomizer.xcdatamodeld */; };
		71ED8C3920DD48AB00CD305E /* Assets.xcassets in Resources */ = {isa = PBXBuildFile; fileRef = 71ED8C3820DD48AB00CD305E /* Assets.xcassets */; };
		71ED8C3C20DD48AB00CD305E /* LaunchScreen.storyboard in Resources */ = {isa = PBXBuildFile; fileRef = 71ED8C3A20DD48AB00CD305E /* LaunchScreen.storyboard */; };
		71ED8C4420DD4BEA00CD305E /* CoreDataStack.swift in Sources */ = {isa = PBXBuildFile; fileRef = 71ED8C4320DD4BEA00CD305E /* CoreDataStack.swift */; };
		71ED8C4620DD4CA700CD305E /* Entity + Convenience.swift in Sources */ = {isa = PBXBuildFile; fileRef = 71ED8C4520DD4CA700CD305E /* Entity + Convenience.swift */; };
		71ED8C4B20DD505600CD305E /* EntityController.swift in Sources */ = {isa = PBXBuildFile; fileRef = 71ED8C4A20DD505600CD305E /* EntityController.swift */; };
		71ED8C4E20DD53BD00CD305E /* PairTableViewController.swift in Sources */ = {isa = PBXBuildFile; fileRef = 71ED8C4D20DD53BD00CD305E /* PairTableViewController.swift */; };
/* End PBXBuildFile section */

/* Begin PBXFileReference section */
		71ED8C2B20DD48AA00CD305E /* PairRandomizer.app */ = {isa = PBXFileReference; explicitFileType = wrapper.application; includeInIndex = 0; path = PairRandomizer.app; sourceTree = BUILT_PRODUCTS_DIR; };
		71ED8C2E20DD48AA00CD305E /* AppDelegate.swift */ = {isa = PBXFileReference; lastKnownFileType = sourcecode.swift; path = AppDelegate.swift; sourceTree = "<group>"; };
		71ED8C3320DD48AA00CD305E /* Base */ = {isa = PBXFileReference; lastKnownFileType = file.storyboard; name = Base; path = Base.lproj/Main.storyboard; sourceTree = "<group>"; };
		71ED8C3620DD48AA00CD305E /* PairRandomizer.xcdatamodel */ = {isa = PBXFileReference; lastKnownFileType = wrapper.xcdatamodel; path = PairRandomizer.xcdatamodel; sourceTree = "<group>"; };
		71ED8C3820DD48AB00CD305E /* Assets.xcassets */ = {isa = PBXFileReference; lastKnownFileType = folder.assetcatalog; path = Assets.xcassets; sourceTree = "<group>"; };
		71ED8C3B20DD48AB00CD305E /* Base */ = {isa = PBXFileReference; lastKnownFileType = file.storyboard; name = Base; path = Base.lproj/LaunchScreen.storyboard; sourceTree = "<group>"; };
		71ED8C3D20DD48AB00CD305E /* Info.plist */ = {isa = PBXFileReference; lastKnownFileType = text.plist.xml; path = Info.plist; sourceTree = "<group>"; };
		71ED8C4320DD4BEA00CD305E /* CoreDataStack.swift */ = {isa = PBXFileReference; lastKnownFileType = sourcecode.swift; path = CoreDataStack.swift; sourceTree = "<group>"; };
		71ED8C4520DD4CA700CD305E /* Entity + Convenience.swift */ = {isa = PBXFileReference; lastKnownFileType = sourcecode.swift; path = "Entity + Convenience.swift"; sourceTree = "<group>"; };
		71ED8C4A20DD505600CD305E /* EntityController.swift */ = {isa = PBXFileReference; lastKnownFileType = sourcecode.swift; path = EntityController.swift; sourceTree = "<group>"; };
		71ED8C4D20DD53BD00CD305E /* PairTableViewController.swift */ = {isa = PBXFileReference; lastKnownFileType = sourcecode.swift; path = PairTableViewController.swift; sourceTree = "<group>"; };
/* End PBXFileReference section */

/* Begin PBXFrameworksBuildPhase section */
		71ED8C2820DD48AA00CD305E /* Frameworks */ = {
			isa = PBXFrameworksBuildPhase;
			buildActionMask = 2147483647;
			files = (
			);
			runOnlyForDeploymentPostprocessing = 0;
		};
/* End PBXFrameworksBuildPhase section */

/* Begin PBXGroup section */
		71ED8C2220DD48A900CD305E = {
			isa = PBXGroup;
			children = (
				71ED8C2D20DD48AA00CD305E /* PairRandomizer */,
				71ED8C2C20DD48AA00CD305E /* Products */,
			);
			sourceTree = "<group>";
		};
		71ED8C2C20DD48AA00CD305E /* Products */ = {
			isa = PBXGroup;
			children = (
				71ED8C2B20DD48AA00CD305E /* PairRandomizer.app */,
			);
			name = Products;
			sourceTree = "<group>";
		};
		71ED8C2D20DD48AA00CD305E /* PairRandomizer */ = {
			isa = PBXGroup;
			children = (
				71ED8C4C20DD517100CD305E /* Controller */,
				71ED8C4920DD4FE600CD305E /* View */,
				71ED8C4820DD4FDA00CD305E /* Resources */,
				71ED8C4F20DD54CB00CD305E /* Model */,
				71ED8C4720DD4FC200CD305E /* CoreData */,
			);
			path = PairRandomizer;
			sourceTree = "<group>";
		};
		71ED8C4720DD4FC200CD305E /* CoreData */ = {
			isa = PBXGroup;
			children = (
				71ED8C4320DD4BEA00CD305E /* CoreDataStack.swift */,
			);
			path = CoreData;
			sourceTree = "<group>";
		};
		71ED8C4820DD4FDA00CD305E /* Resources */ = {
			isa = PBXGroup;
			children = (
				71ED8C2E20DD48AA00CD305E /* AppDelegate.swift */,
				71ED8C3820DD48AB00CD305E /* Assets.xcassets */,
				71ED8C3A20DD48AB00CD305E /* LaunchScreen.storyboard */,
				71ED8C3D20DD48AB00CD305E /* Info.plist */,
			);
			path = Resources;
			sourceTree = "<group>";
		};
		71ED8C4920DD4FE600CD305E /* View */ = {
			isa = PBXGroup;
			children = (
				71ED8C4D20DD53BD00CD305E /* PairTableViewController.swift */,
				71ED8C3220DD48AA00CD305E /* Main.storyboard */,
			);
			path = View;
			sourceTree = "<group>";
		};
		71ED8C4C20DD517100CD305E /* Controller */ = {
			isa = PBXGroup;
			children = (
				71ED8C4A20DD505600CD305E /* EntityController.swift */,
			);
			path = Controller;
			sourceTree = "<group>";
		};
		71ED8C4F20DD54CB00CD305E /* Model */ = {
			isa = PBXGroup;
			children = (
				71ED8C3520DD48AA00CD305E /* PairRandomizer.xcdatamodeld */,
				71ED8C4520DD4CA700CD305E /* Entity + Convenience.swift */,
			);
			path = Model;
			sourceTree = "<group>";
		};
/* End PBXGroup section */

/* Begin PBXNativeTarget section */
		71ED8C2A20DD48AA00CD305E /* PairRandomizer */ = {
			isa = PBXNativeTarget;
			buildConfigurationList = 71ED8C4020DD48AB00CD305E /* Build configuration list for PBXNativeTarget "PairRandomizer" */;
			buildPhases = (
				71ED8C2720DD48AA00CD305E /* Sources */,
				71ED8C2820DD48AA00CD305E /* Frameworks */,
				71ED8C2920DD48AA00CD305E /* Resources */,
			);
			buildRules = (
			);
			dependencies = (
			);
			name = PairRandomizer;
			productName = PairRandomizer;
			productReference = 71ED8C2B20DD48AA00CD305E /* PairRandomizer.app */;
			productType = "com.apple.product-type.application";
		};
/* End PBXNativeTarget section */

/* Begin PBXProject section */
		71ED8C2320DD48A900CD305E /* Project object */ = {
			isa = PBXProject;
			attributes = {
				LastSwiftUpdateCheck = 0940;
				LastUpgradeCheck = 0940;
				ORGANIZATIONNAME = "Caston  Boyd";
				TargetAttributes = {
					71ED8C2A20DD48AA00CD305E = {
						CreatedOnToolsVersion = 9.4;
					};
				};
			};
			buildConfigurationList = 71ED8C2620DD48A900CD305E /* Build configuration list for PBXProject "PairRandomizer" */;
			compatibilityVersion = "Xcode 9.3";
			developmentRegion = en;
			hasScannedForEncodings = 0;
			knownRegions = (
				en,
				Base,
			);
			mainGroup = 71ED8C2220DD48A900CD305E;
			productRefGroup = 71ED8C2C20DD48AA00CD305E /* Products */;
			projectDirPath = "";
			projectRoot = "";
			targets = (
				71ED8C2A20DD48AA00CD305E /* PairRandomizer */,
			);
		};
/* End PBXProject section */

/* Begin PBXResourcesBuildPhase section */
		71ED8C2920DD48AA00CD305E /* Resources */ = {
			isa = PBXResourcesBuildPhase;
			buildActionMask = 2147483647;
			files = (
				71ED8C3C20DD48AB00CD305E /* LaunchScreen.storyboard in Resources */,
				71ED8C3920DD48AB00CD305E /* Assets.xcassets in Resources */,
				71ED8C3420DD48AA00CD305E /* Main.storyboard in Resources */,
			);
			runOnlyForDeploymentPostprocessing = 0;
		};
/* End PBXResourcesBuildPhase section */

/* Begin PBXSourcesBuildPhase section */
		71ED8C2720DD48AA00CD305E /* Sources */ = {
			isa = PBXSourcesBuildPhase;
			buildActionMask = 2147483647;
			files = (
				71ED8C4420DD4BEA00CD305E /* CoreDataStack.swift in Sources */,
				71ED8C3720DD48AA00CD305E /* PairRandomizer.xcdatamodeld in Sources */,
				71ED8C4620DD4CA700CD305E /* Entity + Convenience.swift in Sources */,
				71ED8C4E20DD53BD00CD305E /* PairTableViewController.swift in Sources */,
				71ED8C4B20DD505600CD305E /* EntityController.swift in Sources */,
				71ED8C2F20DD48AA00CD305E /* AppDelegate.swift in Sources */,
			);
			runOnlyForDeploymentPostprocessing = 0;
		};
/* End PBXSourcesBuildPhase section */

/* Begin PBXVariantGroup section */
		71ED8C3220DD48AA00CD305E /* Main.storyboard */ = {
			isa = PBXVariantGroup;
			children = (
				71ED8C3320DD48AA00CD305E /* Base */,
			);
			name = Main.storyboard;
			sourceTree = "<group>";
		};
		71ED8C3A20DD48AB00CD305E /* LaunchScreen.storyboard */ = {
			isa = PBXVariantGroup;
			children = (
				71ED8C3B20DD48AB00CD305E /* Base */,
			);
			name = LaunchScreen.storyboard;
			sourceTree = "<group>";
		};
/* End PBXVariantGroup section */

/* Begin XCBuildConfiguration section */
		71ED8C3E20DD48AB00CD305E /* Debug */ = {
			isa = XCBuildConfiguration;
			buildSettings = {
				ALWAYS_SEARCH_USER_PATHS = NO;
				CLANG_ANALYZER_NONNULL = YES;
				CLANG_ANALYZER_NUMBER_OBJECT_CONVERSION = YES_AGGRESSIVE;
				CLANG_CXX_LANGUAGE_STANDARD = "gnu++14";
				CLANG_CXX_LIBRARY = "libc++";
				CLANG_ENABLE_MODULES = YES;
				CLANG_ENABLE_OBJC_ARC = YES;
				CLANG_ENABLE_OBJC_WEAK = YES;
				CLANG_WARN_BLOCK_CAPTURE_AUTORELEASING = YES;
				CLANG_WARN_BOOL_CONVERSION = YES;
				CLANG_WARN_COMMA = YES;
				CLANG_WARN_CONSTANT_CONVERSION = YES;
				CLANG_WARN_DEPRECATED_OBJC_IMPLEMENTATIONS = YES;
				CLANG_WARN_DIRECT_OBJC_ISA_USAGE = YES_ERROR;
				CLANG_WARN_DOCUMENTATION_COMMENTS = YES;
				CLANG_WARN_EMPTY_BODY = YES;
				CLANG_WARN_ENUM_CONVERSION = YES;
				CLANG_WARN_INFINITE_RECURSION = YES;
				CLANG_WARN_INT_CONVERSION = YES;
				CLANG_WARN_NON_LITERAL_NULL_CONVERSION = YES;
				CLANG_WARN_OBJC_IMPLICIT_RETAIN_SELF = YES;
				CLANG_WARN_OBJC_LITERAL_CONVERSION = YES;
				CLANG_WARN_OBJC_ROOT_CLASS = YES_ERROR;
				CLANG_WARN_RANGE_LOOP_ANALYSIS = YES;
				CLANG_WARN_STRICT_PROTOTYPES = YES;
				CLANG_WARN_SUSPICIOUS_MOVE = YES;
				CLANG_WARN_UNGUARDED_AVAILABILITY = YES_AGGRESSIVE;
				CLANG_WARN_UNREACHABLE_CODE = YES;
				CLANG_WARN__DUPLICATE_METHOD_MATCH = YES;
				CODE_SIGN_IDENTITY = "iPhone Developer";
				COPY_PHASE_STRIP = NO;
				DEBUG_INFORMATION_FORMAT = dwarf;
				ENABLE_STRICT_OBJC_MSGSEND = YES;
				ENABLE_TESTABILITY = YES;
				GCC_C_LANGUAGE_STANDARD = gnu11;
				GCC_DYNAMIC_NO_PIC = NO;
				GCC_NO_COMMON_BLOCKS = YES;
				GCC_OPTIMIZATION_LEVEL = 0;
				GCC_PREPROCESSOR_DEFINITIONS = (
					"DEBUG=1",
					"$(inherited)",
				);
				GCC_WARN_64_TO_32_BIT_CONVERSION = YES;
				GCC_WARN_ABOUT_RETURN_TYPE = YES_ERROR;
				GCC_WARN_UNDECLARED_SELECTOR = YES;
				GCC_WARN_UNINITIALIZED_AUTOS = YES_AGGRESSIVE;
				GCC_WARN_UNUSED_FUNCTION = YES;
				GCC_WARN_UNUSED_VARIABLE = YES;
				IPHONEOS_DEPLOYMENT_TARGET = 11.4;
				MTL_ENABLE_DEBUG_INFO = YES;
				ONLY_ACTIVE_ARCH = YES;
				SDKROOT = iphoneos;
				SWIFT_ACTIVE_COMPILATION_CONDITIONS = DEBUG;
				SWIFT_OPTIMIZATION_LEVEL = "-Onone";
			};
			name = Debug;
		};
		71ED8C3F20DD48AB00CD305E /* Release */ = {
			isa = XCBuildConfiguration;
			buildSettings = {
				ALWAYS_SEARCH_USER_PATHS = NO;
				CLANG_ANALYZER_NONNULL = YES;
				CLANG_ANALYZER_NUMBER_OBJECT_CONVERSION = YES_AGGRESSIVE;
				CLANG_CXX_LANGUAGE_STANDARD = "gnu++14";
				CLANG_CXX_LIBRARY = "libc++";
				CLANG_ENABLE_MODULES = YES;
				CLANG_ENABLE_OBJC_ARC = YES;
				CLANG_ENABLE_OBJC_WEAK = YES;
				CLANG_WARN_BLOCK_CAPTURE_AUTORELEASING = YES;
				CLANG_WARN_BOOL_CONVERSION = YES;
				CLANG_WARN_COMMA = YES;
				CLANG_WARN_CONSTANT_CONVERSION = YES;
				CLANG_WARN_DEPRECATED_OBJC_IMPLEMENTATIONS = YES;
				CLANG_WARN_DIRECT_OBJC_ISA_USAGE = YES_ERROR;
				CLANG_WARN_DOCUMENTATION_COMMENTS = YES;
				CLANG_WARN_EMPTY_BODY = YES;
				CLANG_WARN_ENUM_CONVERSION = YES;
				CLANG_WARN_INFINITE_RECURSION = YES;
				CLANG_WARN_INT_CONVERSION = YES;
				CLANG_WARN_NON_LITERAL_NULL_CONVERSION = YES;
				CLANG_WARN_OBJC_IMPLICIT_RETAIN_SELF = YES;
				CLANG_WARN_OBJC_LITERAL_CONVERSION = YES;
				CLANG_WARN_OBJC_ROOT_CLASS = YES_ERROR;
				CLANG_WARN_RANGE_LOOP_ANALYSIS = YES;
				CLANG_WARN_STRICT_PROTOTYPES = YES;
				CLANG_WARN_SUSPICIOUS_MOVE = YES;
				CLANG_WARN_UNGUARDED_AVAILABILITY = YES_AGGRESSIVE;
				CLANG_WARN_UNREACHABLE_CODE = YES;
				CLANG_WARN__DUPLICATE_METHOD_MATCH = YES;
				CODE_SIGN_IDENTITY = "iPhone Developer";
				COPY_PHASE_STRIP = NO;
				DEBUG_INFORMATION_FORMAT = "dwarf-with-dsym";
				ENABLE_NS_ASSERTIONS = NO;
				ENABLE_STRICT_OBJC_MSGSEND = YES;
				GCC_C_LANGUAGE_STANDARD = gnu11;
				GCC_NO_COMMON_BLOCKS = YES;
				GCC_WARN_64_TO_32_BIT_CONVERSION = YES;
				GCC_WARN_ABOUT_RETURN_TYPE = YES_ERROR;
				GCC_WARN_UNDECLARED_SELECTOR = YES;
				GCC_WARN_UNINITIALIZED_AUTOS = YES_AGGRESSIVE;
				GCC_WARN_UNUSED_FUNCTION = YES;
				GCC_WARN_UNUSED_VARIABLE = YES;
				IPHONEOS_DEPLOYMENT_TARGET = 11.4;
				MTL_ENABLE_DEBUG_INFO = NO;
				SDKROOT = iphoneos;
				SWIFT_COMPILATION_MODE = wholemodule;
				SWIFT_OPTIMIZATION_LEVEL = "-O";
				VALIDATE_PRODUCT = YES;
			};
			name = Release;
		};
		71ED8C4120DD48AB00CD305E /* Debug */ = {
			isa = XCBuildConfiguration;
			buildSettings = {
				ASSETCATALOG_COMPILER_APPICON_NAME = AppIcon;
				CODE_SIGN_STYLE = Automatic;
				INFOPLIST_FILE = "$(SRCROOT)/PairRandomizer/Resources/Info.plist";
				LD_RUNPATH_SEARCH_PATHS = (
					"$(inherited)",
					"@executable_path/Frameworks",
				);
				PRODUCT_BUNDLE_IDENTIFIER = com.Virtud.PairRandomizer;
				PRODUCT_NAME = "$(TARGET_NAME)";
				SWIFT_VERSION = 4.0;
				TARGETED_DEVICE_FAMILY = "1,2";
			};
			name = Debug;
		};
		71ED8C4220DD48AB00CD305E /* Release */ = {
			isa = XCBuildConfiguration;
			buildSettings = {
				ASSETCATALOG_COMPILER_APPICON_NAME = AppIcon;
				CODE_SIGN_STYLE = Automatic;
				INFOPLIST_FILE = "$(SRCROOT)/PairRandomizer/Resources/Info.plist";
				LD_RUNPATH_SEARCH_PATHS = (
					"$(inherited)",
					"@executable_path/Frameworks",
				);
				PRODUCT_BUNDLE_IDENTIFIER = com.Virtud.PairRandomizer;
				PRODUCT_NAME = "$(TARGET_NAME)";
				SWIFT_VERSION = 4.0;
				TARGETED_DEVICE_FAMILY = "1,2";
			};
			name = Release;
		};
/* End XCBuildConfiguration section */

/* Begin XCConfigurationList section */
		71ED8C2620DD48A900CD305E /* Build configuration list for PBXProject "PairRandomizer" */ = {
			isa = XCConfigurationList;
			buildConfigurations = (
				71ED8C3E20DD48AB00CD305E /* Debug */,
				71ED8C3F20DD48AB00CD305E /* Release */,
			);
			defaultConfigurationIsVisible = 0;
			defaultConfigurationName = Release;
		};
		71ED8C4020DD48AB00CD305E /* Build configuration list for PBXNativeTarget "PairRandomizer" */ = {
			isa = XCConfigurationList;
			buildConfigurations = (
				71ED8C4120DD48AB00CD305E /* Debug */,
				71ED8C4220DD48AB00CD305E /* Release */,
			);
			defaultConfigurationIsVisible = 0;
			defaultConfigurationName = Release;
		};
/* End XCConfigurationList section */

/* Begin XCVersionGroup section */
		71ED8C3520DD48AA00CD305E /* PairRandomizer.xcdatamodeld */ = {
			isa = XCVersionGroup;
			children = (
				71ED8C3620DD48AA00CD305E /* PairRandomizer.xcdatamodel */,
			);
			currentVersion = 71ED8C3620DD48AA00CD305E /* PairRandomizer.xcdatamodel */;
			path = PairRandomizer.xcdatamodeld;
			sourceTree = "<group>";
			versionGroupType = wrapper.xcdatamodel;
		};
/* End XCVersionGroup section */
	};
	rootObject = 71ED8C2320DD48A900CD305E /* Project object */;
}
